PODS:
  - Flutter (1.0.0)
  - Intercom (9.1.1)
  - "intercom_flutter (2.2.0+1)":
    - Flutter
    - Intercom (~> 9.1.0)

DEPENDENCIES:
  - Flutter (from `Flutter`)
  - intercom_flutter (from `.symlinks/plugins/intercom_flutter/ios`)

SPEC REPOS:
  trunk:
    - Intercom

EXTERNAL SOURCES:
  Flutter:
    :path: Flutter
  intercom_flutter:
    :path: ".symlinks/plugins/intercom_flutter/ios"

SPEC CHECKSUMS:
  Flutter: 0e3d915762c693b495b44d77113d4970485de6ec
  Intercom: f81ac47c15f70496e8168d3e37b9eb092243e7b5
  intercom_flutter: a1dc0eb4cddcc2e3dbb36b09416e5fc4f293b443

PODFILE CHECKSUM: a2b0bf7fe93e4e6b732ab20a6fda201dc8a23f90

COCOAPODS: 1.10.1
